
Microsoft Visual Studio Solution File, Format Version 12.00
# Visual Studio Version 17
VisualStudioVersion = 17.11.35327.3
MinimumVisualStudioVersion = 10.0.40219.1
Project("{FAE04EC0-301F-11D3-BF4B-00C04F79EFBC}") = "EmployeeAdminPortalWebAPI", "EmployeeAdminPortalWebAPI\EmployeeAdminPortalWebAPI.csproj", "{B96679AB-23E8-4B34-BD2C-09855450889B}"
EndProject
Global
	GlobalSection(SolutionConfigurationPlatforms) = preSolution
		Debug|Any CPU = Debug|Any CPU
		Release|Any CPU = Release|Any CPU
	EndGlobalSection
	GlobalSection(ProjectConfigurationPlatforms) = postSolution
		{B96679AB-23E8-4B34-BD2C-09855450889B}.Debug|Any CPU.ActiveCfg = Debug|Any CPU
		{B96679AB-23E8-4B34-BD2C-09855450889B}.Debug|Any CPU.Build.0 = Debug|Any CPU
		{B96679AB-23E8-4B34-BD2C-09855450889B}.Release|Any CPU.ActiveCfg = Release|Any CPU
		{B96679AB-23E8-4B34-BD2C-09855450889B}.Release|Any CPU.Build.0 = Release|Any CPU
	EndGlobalSection
	GlobalSection(SolutionProperties) = preSolution
		HideSolutionNode = FALSE
	EndGlobalSection
	GlobalSection(ExtensibilityGlobals) = postSolution
		SolutionGuid = {30B3AFE2-4DB7-4647-B405-31A722F5ACAF}
	EndGlobalSection
EndGlobal
